# This file is automatically @generated by Cargo.
# It is not intended for manual editing.
version = 4

[[package]]
name = "a9n-types"
version = "0.4.0"
source = "registry+https://github.com/rust-lang/crates.io-index"
checksum = "8f57fbfb986c183548f5bc794f5fbf8f2a7347315b3479cfa19d20de035f8f9a"

[[package]]
name = "a9n_abi"
version = "0.6.0"
dependencies = [
 "a9n-types",
 "bitflags",
]

[[package]]
name = "bitflags"
version = "2.13.1"
source = "registry+https://github.com/rust-lang/crates.io-index"
checksum = "b588b76d00fde79687d7646a9b5bdf3cc0f655e0bbd080335a95d7e96f3587da"
